
Microsoft Visual Studio Solution File, Format Version 12.00
# Visual Studio Version 17
VisualStudioVersion = 17.3.32922.545
MinimumVisualStudioVersion = 10.0.40219.1
Project("{FAE04EC0-301F-11D3-BF4B-00C04F79EFBC}") = "EvaluationManager lrakic20", "EvaluationManager lrakic20\EvaluationManager lrakic20.csproj", "{A56B2028-FF9F-40BF-8ADB-9AFF0E6672A0}"
EndProject
Global
	GlobalSection(SolutionConfigurationPlatforms) = preSolution
		Debug|Any CPU = Debug|Any CPU
		Release|Any CPU = Release|Any CPU
	EndGlobalSection
	GlobalSection(ProjectConfigurationPlatforms) = postSolution
		{A56B2028-FF9F-40BF-8ADB-9AFF0E6672A0}.Debug|Any CPU.ActiveCfg = Debug|Any CPU
		{A56B2028-FF9F-40BF-8ADB-9AFF0E6672A0}.Debug|Any CPU.Build.0 = Debug|Any CPU
		{A56B2028-FF9F-40BF-8ADB-9AFF0E6672A0}.Release|Any CPU.ActiveCfg = Release|Any CPU
		{A56B2028-FF9F-40BF-8ADB-9AFF0E6672A0}.Release|Any CPU.Build.0 = Release|Any CPU
	EndGlobalSection
	GlobalSection(SolutionProperties) = preSolution
		HideSolutionNode = FALSE
	EndGlobalSection
	GlobalSection(ExtensibilityGlobals) = postSolution
		SolutionGuid = {D8BFD441-1F9F-4E59-B4C3-9E12127BA5C0}
	EndGlobalSection
EndGlobal
